
Microsoft Visual Studio Solution File, Format Version 12.00
# Visual Studio 15
VisualStudioVersion = 15.0.27703.2026
MinimumVisualStudioVersion = 10.0.40219.1
Project("{8BC9CEB8-8B4A-11D0-8D11-00A0C91BC942}") = "libpng", "libpng\libpng.vcxproj", "{DA7754DD-0F8F-47E4-B252-829DD3DC64CB}"
	ProjectSection(ProjectDependencies) = postProject
		{A6C1614B-67B6-4759-8827-334A478886B9} = {A6C1614B-67B6-4759-8827-334A478886B9}
	EndProjectSection
EndProject
Project("{8BC9CEB8-8B4A-11D0-8D11-00A0C91BC942}") = "libjpeg", "libjpeg\libjpeg.vcxproj", "{A7D3E011-2C0A-4BED-8718-84E34D81FC83}"
EndProject
Project("{8BC9CEB8-8B4A-11D0-8D11-00A0C91BC942}") = "libwebp", "libwebp\libwebp.vcxproj", "{894AC477-B89F-4F5B-905E-3CD153237F20}"
EndProject
Project("{8BC9CEB8-8B4A-11D0-8D11-00A0C91BC942}") = "libogg", "libogg\libogg.vcxproj", "{292F20DD-D12B-421C-B9CB-94E4D6997ED9}"
EndProject
Project("{8BC9CEB8-8B4A-11D0-8D11-00A0C91BC942}") = "libflac", "libflac\libflac.vcxproj", "{430C7D11-A405-422F-81A5-D124503FA5F2}"
	ProjectSection(ProjectDependencies) = postProject
		{292F20DD-D12B-421C-B9CB-94E4D6997ED9} = {292F20DD-D12B-421C-B9CB-94E4D6997ED9}
	EndProjectSection
EndProject
Project("{8BC9CEB8-8B4A-11D0-8D11-00A0C91BC942}") = "libvorbis", "libvorbis\libvorbis.vcxproj", "{AE1AC3E5-1FFB-4B9C-8F51-152155A7F840}"
EndProject
Project("{8BC9CEB8-8B4A-11D0-8D11-00A0C91BC942}") = "zlib", "zlib\zlib.vcxproj", "{A6C1614B-67B6-4759-8827-334A478886B9}"
EndProject
Project("{8BC9CEB8-8B4A-11D0-8D11-00A0C91BC942}") = "libmikmod", "libmikmod\libmikmod.vcxproj", "{6DF5C5B0-2A0E-405B-8A5A-536BCD28342A}"
EndProject
Project("{8BC9CEB8-8B4A-11D0-8D11-00A0C91BC942}") = "libfreetype", "libfreetype\libfreetype.vcxproj", "{6D478696-DBB6-4FEA-AF16-5916DA7BF29B}"
EndProject
Project("{8BC9CEB8-8B4A-11D0-8D11-00A0C91BC942}") = "libsdl", "libsdl\libsdl.vcxproj", "{F906DB33-82FC-4B44-ACAD-07F6A123C3E0}"
EndProject
Project("{8BC9CEB8-8B4A-11D0-8D11-00A0C91BC942}") = "libsdlimage", "libsdlimage\libsdlimage.vcxproj", "{9236A289-29A6-4399-B501-247C587F9A54}"
	ProjectSection(ProjectDependencies) = postProject
		{A7D3E011-2C0A-4BED-8718-84E34D81FC83} = {A7D3E011-2C0A-4BED-8718-84E34D81FC83}
		{F906DB33-82FC-4B44-ACAD-07F6A123C3E0} = {F906DB33-82FC-4B44-ACAD-07F6A123C3E0}
		{894AC477-B89F-4F5B-905E-3CD153237F20} = {894AC477-B89F-4F5B-905E-3CD153237F20}
		{BF5A8D99-3851-469B-BCFB-D9C935C35339} = {BF5A8D99-3851-469B-BCFB-D9C935C35339}
		{DA7754DD-0F8F-47E4-B252-829DD3DC64CB} = {DA7754DD-0F8F-47E4-B252-829DD3DC64CB}
	EndProjectSection
EndProject
Project("{8BC9CEB8-8B4A-11D0-8D11-00A0C91BC942}") = "libsdlnet", "libsdlnet\libsdlnet.vcxproj", "{EA5DDF25-B7C6-4798-B226-9A59B8288924}"
EndProject
Project("{8BC9CEB8-8B4A-11D0-8D11-00A0C91BC942}") = "libsdlmixer", "libsdlmixer\libsdlmixer.vcxproj", "{B22CE240-7B68-4FB3-89B5-60092B90F2A1}"
EndProject
Project("{8BC9CEB8-8B4A-11D0-8D11-00A0C91BC942}") = "libsdlttf", "libsdlttf\libsdlttf.vcxproj", "{0451B06E-93D4-40F1-9EA1-0EA28CE6729D}"
EndProject
Project("{8BC9CEB8-8B4A-11D0-8D11-00A0C91BC942}") = "libtiff", "libtiff\libtiff.vcxproj", "{BF5A8D99-3851-469B-BCFB-D9C935C35339}"
	ProjectSection(ProjectDependencies) = postProject
		{A7D3E011-2C0A-4BED-8718-84E34D81FC83} = {A7D3E011-2C0A-4BED-8718-84E34D81FC83}
		{A6C1614B-67B6-4759-8827-334A478886B9} = {A6C1614B-67B6-4759-8827-334A478886B9}
		{7DE5CB89-D6EB-45E3-AE2C-3E60D0CA96AC} = {7DE5CB89-D6EB-45E3-AE2C-3E60D0CA96AC}
	EndProjectSection
EndProject
Project("{8BC9CEB8-8B4A-11D0-8D11-00A0C91BC942}") = "libavifile", "libavifile\libavifile.vcxproj", "{AB340CAE-2CF0-4D94-876D-7280AC53DFE1}"
EndProject
Project("{8BC9CEB8-8B4A-11D0-8D11-00A0C91BC942}") = "onscripter", "onscripter\onscripter.vcxproj", "{9C5F8BF1-DACA-4834-9511-8A050DF24DD3}"
EndProject
Project("{8BC9CEB8-8B4A-11D0-8D11-00A0C91BC942}") = "libicu", "libicu\libicu.vcxproj", "{E46958A3-7B87-4318-95E5-AAEDAD3D15F0}"
EndProject
Project("{8BC9CEB8-8B4A-11D0-8D11-00A0C91BC942}") = "libsmpeg", "libsmpeg\libsmpeg.vcxproj", "{7C4B4F04-D4BE-4E92-9825-48D60D01F175}"
EndProject
Project("{8BC9CEB8-8B4A-11D0-8D11-00A0C91BC942}") = "libsdlmain", "libsdlmain\libsdlmain.vcxproj", "{169551DE-A711-464F-8875-D73B9052E445}"
EndProject
Project("{8BC9CEB8-8B4A-11D0-8D11-00A0C91BC942}") = "libjbig", "libjbig\libjbig.vcxproj", "{7DE5CB89-D6EB-45E3-AE2C-3E60D0CA96AC}"
EndProject
Global
	GlobalSection(SolutionConfigurationPlatforms) = preSolution
		Debug|x64 = Debug|x64
		Debug|x86 = Debug|x86
		Release|x64 = Release|x64
		Release|x86 = Release|x86
	EndGlobalSection
	GlobalSection(ProjectConfigurationPlatforms) = postSolution
		{DA7754DD-0F8F-47E4-B252-829DD3DC64CB}.Debug|x64.ActiveCfg = Debug|x64
		{DA7754DD-0F8F-47E4-B252-829DD3DC64CB}.Debug|x64.Build.0 = Debug|x64
		{DA7754DD-0F8F-47E4-B252-829DD3DC64CB}.Debug|x86.ActiveCfg = Debug|Win32
		{DA7754DD-0F8F-47E4-B252-829DD3DC64CB}.Debug|x86.Build.0 = Debug|Win32
		{DA7754DD-0F8F-47E4-B252-829DD3DC64CB}.Release|x64.ActiveCfg = Release|x64
		{DA7754DD-0F8F-47E4-B252-829DD3DC64CB}.Release|x64.Build.0 = Release|x64
		{DA7754DD-0F8F-47E4-B252-829DD3DC64CB}.Release|x86.ActiveCfg = Release|Win32
		{DA7754DD-0F8F-47E4-B252-829DD3DC64CB}.Release|x86.Build.0 = Release|Win32
		{A7D3E011-2C0A-4BED-8718-84E34D81FC83}.Debug|x64.ActiveCfg = Debug|x64
		{A7D3E011-2C0A-4BED-8718-84E34D81FC83}.Debug|x64.Build.0 = Debug|x64
		{A7D3E011-2C0A-4BED-8718-84E34D81FC83}.Debug|x86.ActiveCfg = Debug|Win32
		{A7D3E011-2C0A-4BED-8718-84E34D81FC83}.Debug|x86.Build.0 = Debug|Win32
		{A7D3E011-2C0A-4BED-8718-84E34D81FC83}.Release|x64.ActiveCfg = Release|x64
		{A7D3E011-2C0A-4BED-8718-84E34D81FC83}.Release|x64.Build.0 = Release|x64
		{A7D3E011-2C0A-4BED-8718-84E34D81FC83}.Release|x86.ActiveCfg = Release|Win32
		{A7D3E011-2C0A-4BED-8718-84E34D81FC83}.Release|x86.Build.0 = Release|Win32
		{894AC477-B89F-4F5B-905E-3CD153237F20}.Debug|x64.ActiveCfg = Debug|x64
		{894AC477-B89F-4F5B-905E-3CD153237F20}.Debug|x64.Build.0 = Debug|x64
		{894AC477-B89F-4F5B-905E-3CD153237F20}.Debug|x86.ActiveCfg = Debug|Win32
		{894AC477-B89F-4F5B-905E-3CD153237F20}.Debug|x86.Build.0 = Debug|Win32
		{894AC477-B89F-4F5B-905E-3CD153237F20}.Release|x64.ActiveCfg = Release|x64
		{894AC477-B89F-4F5B-905E-3CD153237F20}.Release|x64.Build.0 = Release|x64
		{894AC477-B89F-4F5B-905E-3CD153237F20}.Release|x86.ActiveCfg = Release|Win32
		{894AC477-B89F-4F5B-905E-3CD153237F20}.Release|x86.Build.0 = Release|Win32
		{292F20DD-D12B-421C-B9CB-94E4D6997ED9}.Debug|x64.ActiveCfg = Debug|x64
		{292F20DD-D12B-421C-B9CB-94E4D6997ED9}.Debug|x64.Build.0 = Debug|x64
		{292F20DD-D12B-421C-B9CB-94E4D6997ED9}.Debug|x86.ActiveCfg = Debug|Win32
		{292F20DD-D12B-421C-B9CB-94E4D6997ED9}.Debug|x86.Build.0 = Debug|Win32
		{292F20DD-D12B-421C-B9CB-94E4D6997ED9}.Release|x64.ActiveCfg = Release|x64
		{292F20DD-D12B-421C-B9CB-94E4D6997ED9}.Release|x64.Build.0 = Release|x64
		{292F20DD-D12B-421C-B9CB-94E4D6997ED9}.Release|x86.ActiveCfg = Release|Win32
		{292F20DD-D12B-421C-B9CB-94E4D6997ED9}.Release|x86.Build.0 = Release|Win32
		{430C7D11-A405-422F-81A5-D124503FA5F2}.Debug|x64.ActiveCfg = Debug|x64
		{430C7D11-A405-422F-81A5-D124503FA5F2}.Debug|x64.Build.0 = Debug|x64
		{430C7D11-A405-422F-81A5-D124503FA5F2}.Debug|x86.ActiveCfg = Debug|Win32
		{430C7D11-A405-422F-81A5-D124503FA5F2}.Debug|x86.Build.0 = Debug|Win32
		{430C7D11-A405-422F-81A5-D124503FA5F2}.Release|x64.ActiveCfg = Release|x64
		{430C7D11-A405-422F-81A5-D124503FA5F2}.Release|x64.Build.0 = Release|x64
		{430C7D11-A405-422F-81A5-D124503FA5F2}.Release|x86.ActiveCfg = Release|Win32
		{430C7D11-A405-422F-81A5-D124503FA5F2}.Release|x86.Build.0 = Release|Win32
		{AE1AC3E5-1FFB-4B9C-8F51-152155A7F840}.Debug|x64.ActiveCfg = Debug|x64
		{AE1AC3E5-1FFB-4B9C-8F51-152155A7F840}.Debug|x64.Build.0 = Debug|x64
		{AE1AC3E5-1FFB-4B9C-8F51-152155A7F840}.Debug|x86.ActiveCfg = Debug|Win32
		{AE1AC3E5-1FFB-4B9C-8F51-152155A7F840}.Debug|x86.Build.0 = Debug|Win32
		{AE1AC3E5-1FFB-4B9C-8F51-152155A7F840}.Release|x64.ActiveCfg = Release|x64
		{AE1AC3E5-1FFB-4B9C-8F51-152155A7F840}.Release|x64.Build.0 = Release|x64
		{AE1AC3E5-1FFB-4B9C-8F51-152155A7F840}.Release|x86.ActiveCfg = Release|Win32
		{AE1AC3E5-1FFB-4B9C-8F51-152155A7F840}.Release|x86.Build.0 = Release|Win32
		{A6C1614B-67B6-4759-8827-334A478886B9}.Debug|x64.ActiveCfg = Debug|x64
		{A6C1614B-67B6-4759-8827-334A478886B9}.Debug|x64.Build.0 = Debug|x64
		{A6C1614B-67B6-4759-8827-334A478886B9}.Debug|x86.ActiveCfg = Debug|Win32
		{A6C1614B-67B6-4759-8827-334A478886B9}.Debug|x86.Build.0 = Debug|Win32
		{A6C1614B-67B6-4759-8827-334A478886B9}.Release|x64.ActiveCfg = Release|x64
		{A6C1614B-67B6-4759-8827-334A478886B9}.Release|x64.Build.0 = Release|x64
		{A6C1614B-67B6-4759-8827-334A478886B9}.Release|x86.ActiveCfg = Release|Win32
		{A6C1614B-67B6-4759-8827-334A478886B9}.Release|x86.Build.0 = Release|Win32
		{6DF5C5B0-2A0E-405B-8A5A-536BCD28342A}.Debug|x64.ActiveCfg = Debug|x64
		{6DF5C5B0-2A0E-405B-8A5A-536BCD28342A}.Debug|x64.Build.0 = Debug|x64
		{6DF5C5B0-2A0E-405B-8A5A-536BCD28342A}.Debug|x86.ActiveCfg = Debug|Win32
		{6DF5C5B0-2A0E-405B-8A5A-536BCD28342A}.Debug|x86.Build.0 = Debug|Win32
		{6DF5C5B0-2A0E-405B-8A5A-536BCD28342A}.Release|x64.ActiveCfg = Release|x64
		{6DF5C5B0-2A0E-405B-8A5A-536BCD28342A}.Release|x64.Build.0 = Release|x64
		{6DF5C5B0-2A0E-405B-8A5A-536BCD28342A}.Release|x86.ActiveCfg = Release|Win32
		{6DF5C5B0-2A0E-405B-8A5A-536BCD28342A}.Release|x86.Build.0 = Release|Win32
		{6D478696-DBB6-4FEA-AF16-5916DA7BF29B}.Debug|x64.ActiveCfg = Debug|x64
		{6D478696-DBB6-4FEA-AF16-5916DA7BF29B}.Debug|x64.Build.0 = Debug|x64
		{6D478696-DBB6-4FEA-AF16-5916DA7BF29B}.Debug|x86.ActiveCfg = Debug|Win32
		{6D478696-DBB6-4FEA-AF16-5916DA7BF29B}.Debug|x86.Build.0 = Debug|Win32
		{6D478696-DBB6-4FEA-AF16-5916DA7BF29B}.Release|x64.ActiveCfg = Release|x64
		{6D478696-DBB6-4FEA-AF16-5916DA7BF29B}.Release|x64.Build.0 = Release|x64
		{6D478696-DBB6-4FEA-AF16-5916DA7BF29B}.Release|x86.ActiveCfg = Release|Win32
		{6D478696-DBB6-4FEA-AF16-5916DA7BF29B}.Release|x86.Build.0 = Release|Win32
		{F906DB33-82FC-4B44-ACAD-07F6A123C3E0}.Debug|x64.ActiveCfg = Debug|x64
		{F906DB33-82FC-4B44-ACAD-07F6A123C3E0}.Debug|x64.Build.0 = Debug|x64
		{F906DB33-82FC-4B44-ACAD-07F6A123C3E0}.Debug|x86.ActiveCfg = Debug|Win32
		{F906DB33-82FC-4B44-ACAD-07F6A123C3E0}.Debug|x86.Build.0 = Debug|Win32
		{F906DB33-82FC-4B44-ACAD-07F6A123C3E0}.Release|x64.ActiveCfg = Release|x64
		{F906DB33-82FC-4B44-ACAD-07F6A123C3E0}.Release|x64.Build.0 = Release|x64
		{F906DB33-82FC-4B44-ACAD-07F6A123C3E0}.Release|x86.ActiveCfg = Release|Win32
		{F906DB33-82FC-4B44-ACAD-07F6A123C3E0}.Release|x86.Build.0 = Release|Win32
		{9236A289-29A6-4399-B501-247C587F9A54}.Debug|x64.ActiveCfg = Debug|x64
		{9236A289-29A6-4399-B501-247C587F9A54}.Debug|x64.Build.0 = Debug|x64
		{9236A289-29A6-4399-B501-247C587F9A54}.Debug|x86.ActiveCfg = Debug|Win32
		{9236A289-29A6-4399-B501-247C587F9A54}.Debug|x86.Build.0 = Debug|Win32
		{9236A289-29A6-4399-B501-247C587F9A54}.Release|x64.ActiveCfg = Release|x64
		{9236A289-29A6-4399-B501-247C587F9A54}.Release|x64.Build.0 = Release|x64
		{9236A289-29A6-4399-B501-247C587F9A54}.Release|x86.ActiveCfg = Release|Win32
		{9236A289-29A6-4399-B501-247C587F9A54}.Release|x86.Build.0 = Release|Win32
		{EA5DDF25-B7C6-4798-B226-9A59B8288924}.Debug|x64.ActiveCfg = Debug|x64
		{EA5DDF25-B7C6-4798-B226-9A59B8288924}.Debug|x64.Build.0 = Debug|x64
		{EA5DDF25-B7C6-4798-B226-9A59B8288924}.Debug|x86.ActiveCfg = Debug|Win32
		{EA5DDF25-B7C6-4798-B226-9A59B8288924}.Debug|x86.Build.0 = Debug|Win32
		{EA5DDF25-B7C6-4798-B226-9A59B8288924}.Release|x64.ActiveCfg = Release|x64
		{EA5DDF25-B7C6-4798-B226-9A59B8288924}.Release|x64.Build.0 = Release|x64
		{EA5DDF25-B7C6-4798-B226-9A59B8288924}.Release|x86.ActiveCfg = Release|Win32
		{EA5DDF25-B7C6-4798-B226-9A59B8288924}.Release|x86.Build.0 = Release|Win32
		{B22CE240-7B68-4FB3-89B5-60092B90F2A1}.Debug|x64.ActiveCfg = Debug|x64
		{B22CE240-7B68-4FB3-89B5-60092B90F2A1}.Debug|x64.Build.0 = Debug|x64
		{B22CE240-7B68-4FB3-89B5-60092B90F2A1}.Debug|x86.ActiveCfg = Debug|Win32
		{B22CE240-7B68-4FB3-89B5-60092B90F2A1}.Debug|x86.Build.0 = Debug|Win32
		{B22CE240-7B68-4FB3-89B5-60092B90F2A1}.Release|x64.ActiveCfg = Release|x64
		{B22CE240-7B68-4FB3-89B5-60092B90F2A1}.Release|x64.Build.0 = Release|x64
		{B22CE240-7B68-4FB3-89B5-60092B90F2A1}.Release|x86.ActiveCfg = Release|Win32
		{B22CE240-7B68-4FB3-89B5-60092B90F2A1}.Release|x86.Build.0 = Release|Win32
		{0451B06E-93D4-40F1-9EA1-0EA28CE6729D}.Debug|x64.ActiveCfg = Debug|x64
		{0451B06E-93D4-40F1-9EA1-0EA28CE6729D}.Debug|x64.Build.0 = Debug|x64
		{0451B06E-93D4-40F1-9EA1-0EA28CE6729D}.Debug|x86.ActiveCfg = Debug|Win32
		{0451B06E-93D4-40F1-9EA1-0EA28CE6729D}.Debug|x86.Build.0 = Debug|Win32
		{0451B06E-93D4-40F1-9EA1-0EA28CE6729D}.Release|x64.ActiveCfg = Release|x64
		{0451B06E-93D4-40F1-9EA1-0EA28CE6729D}.Release|x64.Build.0 = Release|x64
		{0451B06E-93D4-40F1-9EA1-0EA28CE6729D}.Release|x86.ActiveCfg = Release|Win32
		{0451B06E-93D4-40F1-9EA1-0EA28CE6729D}.Release|x86.Build.0 = Release|Win32
		{BF5A8D99-3851-469B-BCFB-D9C935C35339}.Debug|x64.ActiveCfg = Debug|x64
		{BF5A8D99-3851-469B-BCFB-D9C935C35339}.Debug|x64.Build.0 = Debug|x64
		{BF5A8D99-3851-469B-BCFB-D9C935C35339}.Debug|x86.ActiveCfg = Debug|Win32
		{BF5A8D99-3851-469B-BCFB-D9C935C35339}.Debug|x86.Build.0 = Debug|Win32
		{BF5A8D99-3851-469B-BCFB-D9C935C35339}.Release|x64.ActiveCfg = Release|x64
		{BF5A8D99-3851-469B-BCFB-D9C935C35339}.Release|x64.Build.0 = Release|x64
		{BF5A8D99-3851-469B-BCFB-D9C935C35339}.Release|x86.ActiveCfg = Release|Win32
		{BF5A8D99-3851-469B-BCFB-D9C935C35339}.Release|x86.Build.0 = Release|Win32
		{AB340CAE-2CF0-4D94-876D-7280AC53DFE1}.Debug|x64.ActiveCfg = Debug|x64
		{AB340CAE-2CF0-4D94-876D-7280AC53DFE1}.Debug|x64.Build.0 = Debug|x64
		{AB340CAE-2CF0-4D94-876D-7280AC53DFE1}.Debug|x86.ActiveCfg = Debug|Win32
		{AB340CAE-2CF0-4D94-876D-7280AC53DFE1}.Debug|x86.Build.0 = Debug|Win32
		{AB340CAE-2CF0-4D94-876D-7280AC53DFE1}.Release|x64.ActiveCfg = Release|x64
		{AB340CAE-2CF0-4D94-876D-7280AC53DFE1}.Release|x64.Build.0 = Release|x64
		{AB340CAE-2CF0-4D94-876D-7280AC53DFE1}.Release|x86.ActiveCfg = Release|Win32
		{AB340CAE-2CF0-4D94-876D-7280AC53DFE1}.Release|x86.Build.0 = Release|Win32
		{9C5F8BF1-DACA-4834-9511-8A050DF24DD3}.Debug|x64.ActiveCfg = Debug|x64
		{9C5F8BF1-DACA-4834-9511-8A050DF24DD3}.Debug|x64.Build.0 = Debug|x64
		{9C5F8BF1-DACA-4834-9511-8A050DF24DD3}.Debug|x86.ActiveCfg = Debug|Win32
		{9C5F8BF1-DACA-4834-9511-8A050DF24DD3}.Debug|x86.Build.0 = Debug|Win32
		{9C5F8BF1-DACA-4834-9511-8A050DF24DD3}.Release|x64.ActiveCfg = Release|x64
		{9C5F8BF1-DACA-4834-9511-8A050DF24DD3}.Release|x64.Build.0 = Release|x64
		{9C5F8BF1-DACA-4834-9511-8A050DF24DD3}.Release|x86.ActiveCfg = Release|Win32
		{9C5F8BF1-DACA-4834-9511-8A050DF24DD3}.Release|x86.Build.0 = Release|Win32
		{E46958A3-7B87-4318-95E5-AAEDAD3D15F0}.Debug|x64.ActiveCfg = Debug|x64
		{E46958A3-7B87-4318-95E5-AAEDAD3D15F0}.Debug|x64.Build.0 = Debug|x64
		{E46958A3-7B87-4318-95E5-AAEDAD3D15F0}.Debug|x86.ActiveCfg = Debug|Win32
		{E46958A3-7B87-4318-95E5-AAEDAD3D15F0}.Debug|x86.Build.0 = Debug|Win32
		{E46958A3-7B87-4318-95E5-AAEDAD3D15F0}.Release|x64.ActiveCfg = Release|x64
		{E46958A3-7B87-4318-95E5-AAEDAD3D15F0}.Release|x64.Build.0 = Release|x64
		{E46958A3-7B87-4318-95E5-AAEDAD3D15F0}.Release|x86.ActiveCfg = Release|Win32
		{E46958A3-7B87-4318-95E5-AAEDAD3D15F0}.Release|x86.Build.0 = Release|Win32
		{7C4B4F04-D4BE-4E92-9825-48D60D01F175}.Debug|x64.ActiveCfg = Debug|x64
		{7C4B4F04-D4BE-4E92-9825-48D60D01F175}.Debug|x64.Build.0 = Debug|x64
		{7C4B4F04-D4BE-4E92-9825-48D60D01F175}.Debug|x86.ActiveCfg = Debug|Win32
		{7C4B4F04-D4BE-4E92-9825-48D60D01F175}.Debug|x86.Build.0 = Debug|Win32
		{7C4B4F04-D4BE-4E92-9825-48D60D01F175}.Release|x64.ActiveCfg = Release|x64
		{7C4B4F04-D4BE-4E92-9825-48D60D01F175}.Release|x64.Build.0 = Release|x64
		{7C4B4F04-D4BE-4E92-9825-48D60D01F175}.Release|x86.ActiveCfg = Release|Win32
		{7C4B4F04-D4BE-4E92-9825-48D60D01F175}.Release|x86.Build.0 = Release|Win32
		{169551DE-A711-464F-8875-D73B9052E445}.Debug|x64.ActiveCfg = Debug|x64
		{169551DE-A711-464F-8875-D73B9052E445}.Debug|x64.Build.0 = Debug|x64
		{169551DE-A711-464F-8875-D73B9052E445}.Debug|x86.ActiveCfg = Debug|Win32
		{169551DE-A711-464F-8875-D73B9052E445}.Debug|x86.Build.0 = Debug|Win32
		{169551DE-A711-464F-8875-D73B9052E445}.Release|x64.ActiveCfg = Release|x64
		{169551DE-A711-464F-8875-D73B9052E445}.Release|x64.Build.0 = Release|x64
		{169551DE-A711-464F-8875-D73B9052E445}.Release|x86.ActiveCfg = Release|Win32
		{169551DE-A711-464F-8875-D73B9052E445}.Release|x86.Build.0 = Release|Win32
		{7DE5CB89-D6EB-45E3-AE2C-3E60D0CA96AC}.Debug|x64.ActiveCfg = Debug|x64
		{7DE5CB89-D6EB-45E3-AE2C-3E60D0CA96AC}.Debug|x64.Build.0 = Debug|x64
		{7DE5CB89-D6EB-45E3-AE2C-3E60D0CA96AC}.Debug|x86.ActiveCfg = Debug|Win32
		{7DE5CB89-D6EB-45E3-AE2C-3E60D0CA96AC}.Debug|x86.Build.0 = Debug|Win32
		{7DE5CB89-D6EB-45E3-AE2C-3E60D0CA96AC}.Release|x64.ActiveCfg = Release|x64
		{7DE5CB89-D6EB-45E3-AE2C-3E60D0CA96AC}.Release|x64.Build.0 = Release|x64
		{7DE5CB89-D6EB-45E3-AE2C-3E60D0CA96AC}.Release|x86.ActiveCfg = Release|Win32
		{7DE5CB89-D6EB-45E3-AE2C-3E60D0CA96AC}.Release|x86.Build.0 = Release|Win32
	EndGlobalSection
	GlobalSection(SolutionProperties) = preSolution
		HideSolutionNode = FALSE
	EndGlobalSection
	GlobalSection(ExtensibilityGlobals) = postSolution
		SolutionGuid = {9ED6A529-2462-49F8-ADDD-C25767F43F61}
	EndGlobalSection
EndGlobal
