<?xml version="1.0" encoding="utf-8"?>
<Project ToolsVersion="4.0" xmlns="http://schemas.microsoft.com/developer/msbuild/2003">
  <ItemGroup>
    <Filter Include="源文件">
      <UniqueIdentifier>{4FC737F1-C7A5-4376-A066-2A32D752A2FF}</UniqueIdentifier>
      <Extensions>cpp;c;cc;cxx;def;odl;idl;hpj;bat;asm;asmx</Extensions>
    </Filter>
    <Filter Include="头文件">
      <UniqueIdentifier>{93995380-89BD-4b04-88EB-625FBE52EBFB}</UniqueIdentifier>
      <Extensions>h;hh;hpp;hxx;hm;inl;inc;ipp;xsd</Extensions>
    </Filter>
    <Filter Include="资源文件">
      <UniqueIdentifier>{67DA6AB6-F800-4c08-8B7A-83BB121AAD01}</UniqueIdentifier>
      <Extensions>rc;ico;cur;bmp;dlg;rc2;rct;bin;rgs;gif;jpg;jpeg;jpe;resx;tiff;tif;png;wav;mfcribbon-ms</Extensions>
    </Filter>
    <Filter Include="头文件\private">
      <UniqueIdentifier>{5d0956bd-2960-4112-833b-829cbd62aca7}</UniqueIdentifier>
    </Filter>
    <Filter Include="头文件\protected">
      <UniqueIdentifier>{580300f4-202d-428b-91e3-d2a34bea8f19}</UniqueIdentifier>
    </Filter>
    <Filter Include="源文件\c">
      <UniqueIdentifier>{4dc35ce3-8d5b-43c9-9e13-7d363136cb24}</UniqueIdentifier>
    </Filter>
    <Filter Include="源文件\nasm">
      <UniqueIdentifier>{5ac85590-638a-4a61-9ef8-406b69a7259b}</UniqueIdentifier>
    </Filter>
  </ItemGroup>
  <ItemGroup>
    <ClInclude Include="include\protected\all.h">
      <Filter>头文件\protected</Filter>
    </ClInclude>
    <ClInclude Include="include\protected\stream_decoder.h">
      <Filter>头文件\protected</Filter>
    </ClInclude>
    <ClInclude Include="include\protected\stream_encoder.h">
      <Filter>头文件\protected</Filter>
    </ClInclude>
    <ClInclude Include="include\private\all.h">
      <Filter>头文件\private</Filter>
    </ClInclude>
    <ClInclude Include="include\private\bitmath.h">
      <Filter>头文件\private</Filter>
    </ClInclude>
    <ClInclude Include="include\private\bitreader.h">
      <Filter>头文件\private</Filter>
    </ClInclude>
    <ClInclude Include="include\private\bitwriter.h">
      <Filter>头文件\private</Filter>
    </ClInclude>
    <ClInclude Include="include\private\cpu.h">
      <Filter>头文件\private</Filter>
    </ClInclude>
    <ClInclude Include="include\private\crc.h">
      <Filter>头文件\private</Filter>
    </ClInclude>
    <ClInclude Include="include\private\fixed.h">
      <Filter>头文件\private</Filter>
    </ClInclude>
    <ClInclude Include="include\private\float.h">
      <Filter>头文件\private</Filter>
    </ClInclude>
    <ClInclude Include="include\private\format.h">
      <Filter>头文件\private</Filter>
    </ClInclude>
    <ClInclude Include="include\private\lpc.h">
      <Filter>头文件\private</Filter>
    </ClInclude>
    <ClInclude Include="include\private\macros.h">
      <Filter>头文件\private</Filter>
    </ClInclude>
    <ClInclude Include="include\private\md5.h">
      <Filter>头文件\private</Filter>
    </ClInclude>
    <ClInclude Include="include\private\memory.h">
      <Filter>头文件\private</Filter>
    </ClInclude>
    <ClInclude Include="include\private\metadata.h">
      <Filter>头文件\private</Filter>
    </ClInclude>
    <ClInclude Include="include\private\ogg_decoder_aspect.h">
      <Filter>头文件\private</Filter>
    </ClInclude>
    <ClInclude Include="include\private\ogg_encoder_aspect.h">
      <Filter>头文件\private</Filter>
    </ClInclude>
    <ClInclude Include="include\private\ogg_helper.h">
      <Filter>头文件\private</Filter>
    </ClInclude>
    <ClInclude Include="include\private\ogg_mapping.h">
      <Filter>头文件\private</Filter>
    </ClInclude>
    <ClInclude Include="include\private\stream_encoder.h">
      <Filter>头文件\private</Filter>
    </ClInclude>
    <ClInclude Include="include\private\stream_encoder_framing.h">
      <Filter>头文件\private</Filter>
    </ClInclude>
    <ClInclude Include="include\private\window.h">
      <Filter>头文件\private</Filter>
    </ClInclude>
  </ItemGroup>
  <ItemGroup>
    <ClCompile Include="src\bitmath.c">
      <Filter>源文件\c</Filter>
    </ClCompile>
    <ClCompile Include="src\bitreader.c">
      <Filter>源文件\c</Filter>
    </ClCompile>
    <ClCompile Include="src\bitwriter.c">
      <Filter>源文件\c</Filter>
    </ClCompile>
    <ClCompile Include="src\cpu.c">
      <Filter>源文件\c</Filter>
    </ClCompile>
    <ClCompile Include="src\crc.c">
      <Filter>源文件\c</Filter>
    </ClCompile>
    <ClCompile Include="src\fixed.c">
      <Filter>源文件\c</Filter>
    </ClCompile>
    <ClCompile Include="src\fixed_intrin_sse2.c">
      <Filter>源文件\c</Filter>
    </ClCompile>
    <ClCompile Include="src\fixed_intrin_ssse3.c">
      <Filter>源文件\c</Filter>
    </ClCompile>
    <ClCompile Include="src\float.c">
      <Filter>源文件\c</Filter>
    </ClCompile>
    <ClCompile Include="src\format.c">
      <Filter>源文件\c</Filter>
    </ClCompile>
    <ClCompile Include="src\lpc.c">
      <Filter>源文件\c</Filter>
    </ClCompile>
    <ClCompile Include="src\lpc_intrin_avx2.c">
      <Filter>源文件\c</Filter>
    </ClCompile>
    <ClCompile Include="src\lpc_intrin_sse.c">
      <Filter>源文件\c</Filter>
    </ClCompile>
    <ClCompile Include="src\lpc_intrin_sse2.c">
      <Filter>源文件\c</Filter>
    </ClCompile>
    <ClCompile Include="src\lpc_intrin_sse41.c">
      <Filter>源文件\c</Filter>
    </ClCompile>
    <ClCompile Include="src\md5.c">
      <Filter>源文件\c</Filter>
    </ClCompile>
    <ClCompile Include="src\memory.c">
      <Filter>源文件\c</Filter>
    </ClCompile>
    <ClCompile Include="src\metadata_iterators.c">
      <Filter>源文件\c</Filter>
    </ClCompile>
    <ClCompile Include="src\metadata_object.c">
      <Filter>源文件\c</Filter>
    </ClCompile>
    <ClCompile Include="src\ogg_decoder_aspect.c">
      <Filter>源文件\c</Filter>
    </ClCompile>
    <ClCompile Include="src\ogg_encoder_aspect.c">
      <Filter>源文件\c</Filter>
    </ClCompile>
    <ClCompile Include="src\ogg_helper.c">
      <Filter>源文件\c</Filter>
    </ClCompile>
    <ClCompile Include="src\ogg_mapping.c">
      <Filter>源文件\c</Filter>
    </ClCompile>
    <ClCompile Include="src\stream_decoder.c">
      <Filter>源文件\c</Filter>
    </ClCompile>
    <ClCompile Include="src\stream_encoder.c">
      <Filter>源文件\c</Filter>
    </ClCompile>
    <ClCompile Include="src\stream_encoder_framing.c">
      <Filter>源文件\c</Filter>
    </ClCompile>
    <ClCompile Include="src\stream_encoder_intrin_avx2.c">
      <Filter>源文件\c</Filter>
    </ClCompile>
    <ClCompile Include="src\stream_encoder_intrin_sse2.c">
      <Filter>源文件\c</Filter>
    </ClCompile>
    <ClCompile Include="src\stream_encoder_intrin_ssse3.c">
      <Filter>源文件\c</Filter>
    </ClCompile>
    <ClCompile Include="src\window.c">
      <Filter>源文件\c</Filter>
    </ClCompile>
    <ClCompile Include="src\windows_unicode_filenames.c">
      <Filter>源文件\c</Filter>
    </ClCompile>
  </ItemGroup>
  <ItemGroup>
    <CustomBuild Include="ia32\lpc_asm.nasm">
      <Filter>源文件\nasm</Filter>
    </CustomBuild>
    <CustomBuild Include="ia32\fixed_asm.nasm">
      <Filter>源文件\nasm</Filter>
    </CustomBuild>
    <CustomBuild Include="ia32\cpu_asm.nasm">
      <Filter>源文件\nasm</Filter>
    </CustomBuild>
  </ItemGroup>
</Project>