<?xml version="1.0" encoding="utf-8"?>
<Project ToolsVersion="4.0" xmlns="http://schemas.microsoft.com/developer/msbuild/2003">
  <ItemGroup>
    <Filter Include="源文件">
      <UniqueIdentifier>{4FC737F1-C7A5-4376-A066-2A32D752A2FF}</UniqueIdentifier>
      <Extensions>cpp;c;cc;cxx;def;odl;idl;hpj;bat;asm;asmx</Extensions>
    </Filter>
    <Filter Include="头文件">
      <UniqueIdentifier>{93995380-89BD-4b04-88EB-625FBE52EBFB}</UniqueIdentifier>
      <Extensions>h;hh;hpp;hxx;hm;inl;inc;ipp;xsd</Extensions>
    </Filter>
    <Filter Include="资源文件">
      <UniqueIdentifier>{67DA6AB6-F800-4c08-8B7A-83BB121AAD01}</UniqueIdentifier>
      <Extensions>rc;ico;cur;bmp;dlg;rc2;rct;bin;rgs;gif;jpg;jpeg;jpe;resx;tiff;tif;png;wav;mfcribbon-ms</Extensions>
    </Filter>
    <Filter Include="源文件\video">
      <UniqueIdentifier>{e0b04bb9-1723-4a89-969c-136b3dfca680}</UniqueIdentifier>
    </Filter>
    <Filter Include="源文件\loadso">
      <UniqueIdentifier>{d630d837-b737-431e-bfba-37db50dedc29}</UniqueIdentifier>
    </Filter>
    <Filter Include="源文件\audio">
      <UniqueIdentifier>{5f6be185-3f35-400f-8330-98b05844c843}</UniqueIdentifier>
    </Filter>
    <Filter Include="源文件\cdrom">
      <UniqueIdentifier>{e029b1b2-30b2-4032-8255-748004dd77c2}</UniqueIdentifier>
    </Filter>
    <Filter Include="源文件\cpuinfo">
      <UniqueIdentifier>{9edcefe9-8a06-4c83-810e-78d66cae104e}</UniqueIdentifier>
    </Filter>
    <Filter Include="源文件\events">
      <UniqueIdentifier>{a9f7df0b-1ebf-44e1-b91c-9d17ca2611cf}</UniqueIdentifier>
    </Filter>
    <Filter Include="源文件\file">
      <UniqueIdentifier>{3c18e163-11af-41c9-ae33-699c1020e5fc}</UniqueIdentifier>
    </Filter>
    <Filter Include="源文件\hermes">
      <UniqueIdentifier>{caa77387-808e-4b73-8f3f-9c2c1daa645c}</UniqueIdentifier>
    </Filter>
    <Filter Include="源文件\thread">
      <UniqueIdentifier>{8304f70c-6966-4689-a624-f6364e9b64c1}</UniqueIdentifier>
    </Filter>
    <Filter Include="源文件\timer">
      <UniqueIdentifier>{e9df0ad1-906c-46d6-981f-e910e5bad43d}</UniqueIdentifier>
    </Filter>
    <Filter Include="源文件\stdlib">
      <UniqueIdentifier>{2923f630-122a-4a8b-85d9-30f85c42770e}</UniqueIdentifier>
    </Filter>
    <Filter Include="源文件\joystick">
      <UniqueIdentifier>{c91f5dbb-fefc-4ce6-810e-fa7984bad177}</UniqueIdentifier>
    </Filter>
  </ItemGroup>
  <ItemGroup>
    <ClInclude Include="include\begin_code.h">
      <Filter>头文件</Filter>
    </ClInclude>
    <ClInclude Include="include\close_code.h">
      <Filter>头文件</Filter>
    </ClInclude>
    <ClInclude Include="include\SDL.h">
      <Filter>头文件</Filter>
    </ClInclude>
    <ClInclude Include="include\SDL_active.h">
      <Filter>头文件</Filter>
    </ClInclude>
    <ClInclude Include="include\SDL_audio.h">
      <Filter>头文件</Filter>
    </ClInclude>
    <ClInclude Include="include\SDL_byteorder.h">
      <Filter>头文件</Filter>
    </ClInclude>
    <ClInclude Include="include\SDL_cdrom.h">
      <Filter>头文件</Filter>
    </ClInclude>
    <ClInclude Include="include\SDL_config.h">
      <Filter>头文件</Filter>
    </ClInclude>
    <ClInclude Include="include\SDL_config_dreamcast.h">
      <Filter>头文件</Filter>
    </ClInclude>
    <ClInclude Include="include\SDL_config_macos.h">
      <Filter>头文件</Filter>
    </ClInclude>
    <ClInclude Include="include\SDL_config_macosx.h">
      <Filter>头文件</Filter>
    </ClInclude>
    <ClInclude Include="include\SDL_config_minimal.h">
      <Filter>头文件</Filter>
    </ClInclude>
    <ClInclude Include="include\SDL_config_nds.h">
      <Filter>头文件</Filter>
    </ClInclude>
    <ClInclude Include="include\SDL_config_os2.h">
      <Filter>头文件</Filter>
    </ClInclude>
    <ClInclude Include="include\SDL_config_symbian.h">
      <Filter>头文件</Filter>
    </ClInclude>
    <ClInclude Include="include\SDL_config_win32.h">
      <Filter>头文件</Filter>
    </ClInclude>
    <ClInclude Include="include\SDL_copying.h">
      <Filter>头文件</Filter>
    </ClInclude>
    <ClInclude Include="include\SDL_cpuinfo.h">
      <Filter>头文件</Filter>
    </ClInclude>
    <ClInclude Include="include\SDL_endian.h">
      <Filter>头文件</Filter>
    </ClInclude>
    <ClInclude Include="include\SDL_error.h">
      <Filter>头文件</Filter>
    </ClInclude>
    <ClInclude Include="include\SDL_events.h">
      <Filter>头文件</Filter>
    </ClInclude>
    <ClInclude Include="include\SDL_getenv.h">
      <Filter>头文件</Filter>
    </ClInclude>
    <ClInclude Include="include\SDL_joystick.h">
      <Filter>头文件</Filter>
    </ClInclude>
    <ClInclude Include="include\SDL_keyboard.h">
      <Filter>头文件</Filter>
    </ClInclude>
    <ClInclude Include="include\SDL_keysym.h">
      <Filter>头文件</Filter>
    </ClInclude>
    <ClInclude Include="include\SDL_loadso.h">
      <Filter>头文件</Filter>
    </ClInclude>
    <ClInclude Include="include\SDL_main.h">
      <Filter>头文件</Filter>
    </ClInclude>
    <ClInclude Include="include\SDL_mouse.h">
      <Filter>头文件</Filter>
    </ClInclude>
    <ClInclude Include="include\SDL_mutex.h">
      <Filter>头文件</Filter>
    </ClInclude>
    <ClInclude Include="include\SDL_name.h">
      <Filter>头文件</Filter>
    </ClInclude>
    <ClInclude Include="include\SDL_opengl.h">
      <Filter>头文件</Filter>
    </ClInclude>
    <ClInclude Include="include\SDL_platform.h">
      <Filter>头文件</Filter>
    </ClInclude>
    <ClInclude Include="include\SDL_quit.h">
      <Filter>头文件</Filter>
    </ClInclude>
    <ClInclude Include="include\SDL_rwops.h">
      <Filter>头文件</Filter>
    </ClInclude>
    <ClInclude Include="include\SDL_stdinc.h">
      <Filter>头文件</Filter>
    </ClInclude>
    <ClInclude Include="include\SDL_syswm.h">
      <Filter>头文件</Filter>
    </ClInclude>
    <ClInclude Include="include\SDL_thread.h">
      <Filter>头文件</Filter>
    </ClInclude>
    <ClInclude Include="include\SDL_timer.h">
      <Filter>头文件</Filter>
    </ClInclude>
    <ClInclude Include="include\SDL_types.h">
      <Filter>头文件</Filter>
    </ClInclude>
    <ClInclude Include="include\SDL_version.h">
      <Filter>头文件</Filter>
    </ClInclude>
    <ClInclude Include="include\SDL_video.h">
      <Filter>头文件</Filter>
    </ClInclude>
    <ClInclude Include="src\SDL_error_c.h">
      <Filter>头文件</Filter>
    </ClInclude>
    <ClInclude Include="src\SDL_fatal.h">
      <Filter>头文件</Filter>
    </ClInclude>
    <ClInclude Include="src\audio\SDL_audio_c.h">
      <Filter>源文件\audio</Filter>
    </ClInclude>
    <ClInclude Include="src\audio\SDL_audiodev_c.h">
      <Filter>源文件\audio</Filter>
    </ClInclude>
    <ClInclude Include="src\audio\SDL_audiomem.h">
      <Filter>源文件\audio</Filter>
    </ClInclude>
    <ClInclude Include="src\audio\SDL_mixer_m68k.h">
      <Filter>源文件\audio</Filter>
    </ClInclude>
    <ClInclude Include="src\audio\SDL_mixer_MMX.h">
      <Filter>源文件\audio</Filter>
    </ClInclude>
    <ClInclude Include="src\audio\SDL_mixer_MMX_VC.h">
      <Filter>源文件\audio</Filter>
    </ClInclude>
    <ClInclude Include="src\audio\SDL_sysaudio.h">
      <Filter>源文件\audio</Filter>
    </ClInclude>
    <ClInclude Include="src\audio\SDL_wave.h">
      <Filter>源文件\audio</Filter>
    </ClInclude>
    <ClInclude Include="src\audio\windib\SDL_dibaudio.h">
      <Filter>源文件\audio</Filter>
    </ClInclude>
    <ClInclude Include="src\audio\windx5\directx.h">
      <Filter>源文件\audio</Filter>
    </ClInclude>
    <ClInclude Include="src\audio\windx5\SDL_dx5audio.h">
      <Filter>源文件\audio</Filter>
    </ClInclude>
    <ClInclude Include="src\cdrom\SDL_syscdrom.h">
      <Filter>源文件\cdrom</Filter>
    </ClInclude>
    <ClInclude Include="src\events\SDL_events_c.h">
      <Filter>源文件\events</Filter>
    </ClInclude>
    <ClInclude Include="src\events\SDL_sysevents.h">
      <Filter>源文件\events</Filter>
    </ClInclude>
    <ClInclude Include="src\joystick\SDL_joystick_c.h">
      <Filter>源文件\joystick</Filter>
    </ClInclude>
    <ClInclude Include="src\joystick\SDL_sysjoystick.h">
      <Filter>源文件\joystick</Filter>
    </ClInclude>
    <ClInclude Include="src\timer\SDL_systimer.h">
      <Filter>源文件\timer</Filter>
    </ClInclude>
    <ClInclude Include="src\timer\SDL_timer_c.h">
      <Filter>源文件\timer</Filter>
    </ClInclude>
    <ClInclude Include="src\thread\SDL_systhread.h">
      <Filter>源文件\thread</Filter>
    </ClInclude>
    <ClInclude Include="src\thread\SDL_thread_c.h">
      <Filter>源文件\thread</Filter>
    </ClInclude>
    <ClInclude Include="src\thread\win32\SDL_systhread_c.h">
      <Filter>源文件\thread</Filter>
    </ClInclude>
    <ClInclude Include="src\thread\win32\win_ce_semaphore.h">
      <Filter>源文件\thread</Filter>
    </ClInclude>
    <ClInclude Include="src\video\blank_cursor.h">
      <Filter>源文件\video</Filter>
    </ClInclude>
    <ClInclude Include="src\video\default_cursor.h">
      <Filter>源文件\video</Filter>
    </ClInclude>
    <ClInclude Include="src\video\e_log.h">
      <Filter>源文件\video</Filter>
    </ClInclude>
    <ClInclude Include="src\video\e_pow.h">
      <Filter>源文件\video</Filter>
    </ClInclude>
    <ClInclude Include="src\video\e_sqrt.h">
      <Filter>源文件\video</Filter>
    </ClInclude>
    <ClInclude Include="src\video\math_private.h">
      <Filter>源文件\video</Filter>
    </ClInclude>
    <ClInclude Include="src\video\mmx.h">
      <Filter>源文件\video</Filter>
    </ClInclude>
    <ClInclude Include="src\video\SDL_blit.h">
      <Filter>源文件\video</Filter>
    </ClInclude>
    <ClInclude Include="src\video\SDL_cursor_c.h">
      <Filter>源文件\video</Filter>
    </ClInclude>
    <ClInclude Include="src\video\SDL_glfuncs.h">
      <Filter>源文件\video</Filter>
    </ClInclude>
    <ClInclude Include="src\video\SDL_leaks.h">
      <Filter>源文件\video</Filter>
    </ClInclude>
    <ClInclude Include="src\video\SDL_pixels_c.h">
      <Filter>源文件\video</Filter>
    </ClInclude>
    <ClInclude Include="src\video\SDL_RLEaccel_c.h">
      <Filter>源文件\video</Filter>
    </ClInclude>
    <ClInclude Include="src\video\SDL_stretch_c.h">
      <Filter>源文件\video</Filter>
    </ClInclude>
    <ClInclude Include="src\video\SDL_sysvideo.h">
      <Filter>源文件\video</Filter>
    </ClInclude>
    <ClInclude Include="src\video\SDL_yuv_sw_c.h">
      <Filter>源文件\video</Filter>
    </ClInclude>
    <ClInclude Include="src\video\SDL_yuvfuncs.h">
      <Filter>源文件\video</Filter>
    </ClInclude>
    <ClInclude Include="src\video\windib\SDL_dibevents_c.h">
      <Filter>源文件\video</Filter>
    </ClInclude>
    <ClInclude Include="src\video\windib\SDL_dibvideo.h">
      <Filter>源文件\video</Filter>
    </ClInclude>
    <ClInclude Include="src\video\windib\SDL_gapidibvideo.h">
      <Filter>源文件\video</Filter>
    </ClInclude>
    <ClInclude Include="src\video\windib\SDL_vkeys.h">
      <Filter>源文件\video</Filter>
    </ClInclude>
    <ClInclude Include="src\video\windx5\directx.h">
      <Filter>源文件\video</Filter>
    </ClInclude>
    <ClInclude Include="src\video\windx5\SDL_dx5events_c.h">
      <Filter>源文件\video</Filter>
    </ClInclude>
    <ClInclude Include="src\video\windx5\SDL_dx5video.h">
      <Filter>源文件\video</Filter>
    </ClInclude>
    <ClInclude Include="src\video\windx5\SDL_dx5yuv_c.h">
      <Filter>源文件\video</Filter>
    </ClInclude>
  </ItemGroup>
  <ItemGroup>
    <ClCompile Include="src\SDL.c">
      <Filter>源文件</Filter>
    </ClCompile>
    <ClCompile Include="src\SDL_error.c">
      <Filter>源文件</Filter>
    </ClCompile>
    <ClCompile Include="src\SDL_fatal.c">
      <Filter>源文件</Filter>
    </ClCompile>
    <ClCompile Include="src\loadso\win32\SDL_sysloadso.c">
      <Filter>源文件\loadso</Filter>
    </ClCompile>
    <ClCompile Include="src\audio\SDL_audio.c">
      <Filter>源文件\audio</Filter>
    </ClCompile>
    <ClCompile Include="src\audio\SDL_audiocvt.c">
      <Filter>源文件\audio</Filter>
    </ClCompile>
    <ClCompile Include="src\audio\SDL_audiodev.c">
      <Filter>源文件\audio</Filter>
    </ClCompile>
    <ClCompile Include="src\audio\SDL_mixer.c">
      <Filter>源文件\audio</Filter>
    </ClCompile>
    <ClCompile Include="src\audio\SDL_mixer_m68k.c">
      <Filter>源文件\audio</Filter>
    </ClCompile>
    <ClCompile Include="src\audio\SDL_mixer_MMX.c">
      <Filter>源文件\audio</Filter>
    </ClCompile>
    <ClCompile Include="src\audio\SDL_mixer_MMX_VC.c">
      <Filter>源文件\audio</Filter>
    </ClCompile>
    <ClCompile Include="src\audio\SDL_wave.c">
      <Filter>源文件\audio</Filter>
    </ClCompile>
    <ClCompile Include="src\audio\windib\SDL_dibaudio.c">
      <Filter>源文件\audio</Filter>
    </ClCompile>
    <ClCompile Include="src\audio\windx5\SDL_dx5audio.c">
      <Filter>源文件\audio</Filter>
    </ClCompile>
    <ClCompile Include="src\cdrom\SDL_cdrom.c">
      <Filter>源文件\cdrom</Filter>
    </ClCompile>
    <ClCompile Include="src\cdrom\win32\SDL_syscdrom.c">
      <Filter>源文件\cdrom</Filter>
    </ClCompile>
    <ClCompile Include="src\cpuinfo\SDL_cpuinfo.c">
      <Filter>源文件\cpuinfo</Filter>
    </ClCompile>
    <ClCompile Include="src\events\SDL_active.c">
      <Filter>源文件\events</Filter>
    </ClCompile>
    <ClCompile Include="src\events\SDL_events.c">
      <Filter>源文件\events</Filter>
    </ClCompile>
    <ClCompile Include="src\events\SDL_expose.c">
      <Filter>源文件\events</Filter>
    </ClCompile>
    <ClCompile Include="src\events\SDL_keyboard.c">
      <Filter>源文件\events</Filter>
    </ClCompile>
    <ClCompile Include="src\events\SDL_mouse.c">
      <Filter>源文件\events</Filter>
    </ClCompile>
    <ClCompile Include="src\events\SDL_quit.c">
      <Filter>源文件\events</Filter>
    </ClCompile>
    <ClCompile Include="src\events\SDL_resize.c">
      <Filter>源文件\events</Filter>
    </ClCompile>
    <ClCompile Include="src\file\SDL_rwops.c">
      <Filter>源文件\file</Filter>
    </ClCompile>
    <ClCompile Include="src\joystick\SDL_joystick.c">
      <Filter>源文件\joystick</Filter>
    </ClCompile>
    <ClCompile Include="src\joystick\win32\SDL_mmjoystick.c">
      <Filter>源文件\joystick</Filter>
    </ClCompile>
    <ClCompile Include="src\stdlib\SDL_getenv.c">
      <Filter>源文件\stdlib</Filter>
    </ClCompile>
    <ClCompile Include="src\stdlib\SDL_iconv.c">
      <Filter>源文件\stdlib</Filter>
    </ClCompile>
    <ClCompile Include="src\stdlib\SDL_malloc.c">
      <Filter>源文件\stdlib</Filter>
    </ClCompile>
    <ClCompile Include="src\stdlib\SDL_qsort.c">
      <Filter>源文件\stdlib</Filter>
    </ClCompile>
    <ClCompile Include="src\stdlib\SDL_stdlib.c">
      <Filter>源文件\stdlib</Filter>
    </ClCompile>
    <ClCompile Include="src\stdlib\SDL_string.c">
      <Filter>源文件\stdlib</Filter>
    </ClCompile>
    <ClCompile Include="src\timer\SDL_timer.c">
      <Filter>源文件\timer</Filter>
    </ClCompile>
    <ClCompile Include="src\timer\win32\SDL_systimer.c">
      <Filter>源文件\timer</Filter>
    </ClCompile>
    <ClCompile Include="src\thread\SDL_thread.c">
      <Filter>源文件\thread</Filter>
    </ClCompile>
    <ClCompile Include="src\thread\win32\SDL_sysmutex.c">
      <Filter>源文件\thread</Filter>
    </ClCompile>
    <ClCompile Include="src\thread\win32\SDL_syssem.c">
      <Filter>源文件\thread</Filter>
    </ClCompile>
    <ClCompile Include="src\thread\win32\SDL_systhread.c">
      <Filter>源文件\thread</Filter>
    </ClCompile>
    <ClCompile Include="src\thread\win32\win_ce_semaphore.c">
      <Filter>源文件\thread</Filter>
    </ClCompile>
    <ClCompile Include="src\video\SDL_blit.c">
      <Filter>源文件\video</Filter>
    </ClCompile>
    <ClCompile Include="src\video\SDL_blit_0.c">
      <Filter>源文件\video</Filter>
    </ClCompile>
    <ClCompile Include="src\video\SDL_blit_1.c">
      <Filter>源文件\video</Filter>
    </ClCompile>
    <ClCompile Include="src\video\SDL_blit_A.c">
      <Filter>源文件\video</Filter>
    </ClCompile>
    <ClCompile Include="src\video\SDL_blit_N.c">
      <Filter>源文件\video</Filter>
    </ClCompile>
    <ClCompile Include="src\video\SDL_bmp.c">
      <Filter>源文件\video</Filter>
    </ClCompile>
    <ClCompile Include="src\video\SDL_cursor.c">
      <Filter>源文件\video</Filter>
    </ClCompile>
    <ClCompile Include="src\video\SDL_gamma.c">
      <Filter>源文件\video</Filter>
    </ClCompile>
    <ClCompile Include="src\video\SDL_pixels.c">
      <Filter>源文件\video</Filter>
    </ClCompile>
    <ClCompile Include="src\video\SDL_RLEaccel.c">
      <Filter>源文件\video</Filter>
    </ClCompile>
    <ClCompile Include="src\video\SDL_stretch.c">
      <Filter>源文件\video</Filter>
    </ClCompile>
    <ClCompile Include="src\video\SDL_surface.c">
      <Filter>源文件\video</Filter>
    </ClCompile>
    <ClCompile Include="src\video\SDL_video.c">
      <Filter>源文件\video</Filter>
    </ClCompile>
    <ClCompile Include="src\video\SDL_yuv.c">
      <Filter>源文件\video</Filter>
    </ClCompile>
    <ClCompile Include="src\video\SDL_yuv_mmx.c">
      <Filter>源文件\video</Filter>
    </ClCompile>
    <ClCompile Include="src\video\SDL_yuv_sw.c">
      <Filter>源文件\video</Filter>
    </ClCompile>
    <ClCompile Include="src\video\windib\SDL_dibevents.c">
      <Filter>源文件\video</Filter>
    </ClCompile>
    <ClCompile Include="src\video\windib\SDL_dibvideo.c">
      <Filter>源文件\video</Filter>
    </ClCompile>
    <ClCompile Include="src\video\windx5\SDL_dx5events.c">
      <Filter>源文件\video</Filter>
    </ClCompile>
    <ClCompile Include="src\video\windx5\SDL_dx5video.c">
      <Filter>源文件\video</Filter>
    </ClCompile>
    <ClCompile Include="src\video\windx5\SDL_dx5yuv.c">
      <Filter>源文件\video</Filter>
    </ClCompile>
  </ItemGroup>
</Project>